// !$*UTF8*$!
{
	archiveVersion = 1;
	classes = {
	};
	objectVersion = 46;
	objects = {

/* Begin PBXBuildFile section */
		4641F5E91E799F46007D7DCF /* ItemCell.swift in Sources */ = {isa = PBXBuildFile; fileRef = 4641F5E81E799F46007D7DCF /* ItemCell.swift */; };
		473409231E8A1C780085690C /* DetailViewController.swift in Sources */ = {isa = PBXBuildFile; fileRef = 473409221E8A1C780085690C /* DetailViewController.swift */; };
		4751C03A1E76A3FD007C9D57 /* AppDelegate.swift in Sources */ = {isa = PBXBuildFile; fileRef = 4751C0391E76A3FD007C9D57 /* AppDelegate.swift */; };
		4751C03F1E76A3FD007C9D57 /* Main.storyboard in Resources */ = {isa = PBXBuildFile; fileRef = 4751C03D1E76A3FD007C9D57 /* Main.storyboard */; };
		4751C0411E76A3FD007C9D57 /* Assets.xcassets in Resources */ = {isa = PBXBuildFile; fileRef = 4751C0401E76A3FD007C9D57 /* Assets.xcassets */; };
		4751C0441E76A3FD007C9D57 /* LaunchScreen.storyboard in Resources */ = {isa = PBXBuildFile; fileRef = 4751C0421E76A3FD007C9D57 /* LaunchScreen.storyboard */; };
		4751C04F1E76A3FD007C9D57 /* HomepwnerTests.swift in Sources */ = {isa = PBXBuildFile; fileRef = 4751C04E1E76A3FD007C9D57 /* HomepwnerTests.swift */; };
		4751C05A1E76A3FD007C9D57 /* HomepwnerUITests.swift in Sources */ = {isa = PBXBuildFile; fileRef = 4751C0591E76A3FD007C9D57 /* HomepwnerUITests.swift */; };
		4751C0681E76A62B007C9D57 /* ItemsViewController.swift in Sources */ = {isa = PBXBuildFile; fileRef = 4751C0671E76A62B007C9D57 /* ItemsViewController.swift */; };
		4751C06A1E76A93E007C9D57 /* Item.swift in Sources */ = {isa = PBXBuildFile; fileRef = 4751C0691E76A93E007C9D57 /* Item.swift */; };
		4751C06C1E76AF05007C9D57 /* ItemStore.swift in Sources */ = {isa = PBXBuildFile; fileRef = 4751C06B1E76AF05007C9D57 /* ItemStore.swift */; };
/* End PBXBuildFile section */

/* Begin PBXContainerItemProxy section */
		4751C04B1E76A3FD007C9D57 /* PBXContainerItemProxy */ = {
			isa = PBXContainerItemProxy;
			containerPortal = 4751C02E1E76A3FD007C9D57 /* Project object */;
			proxyType = 1;
			remoteGlobalIDString = 4751C0351E76A3FD007C9D57;
			remoteInfo = Homepwner;
		};
		4751C0561E76A3FD007C9D57 /* PBXContainerItemProxy */ = {
			isa = PBXContainerItemProxy;
			containerPortal = 4751C02E1E76A3FD007C9D57 /* Project object */;
			proxyType = 1;
			remoteGlobalIDString = 4751C0351E76A3FD007C9D57;
			remoteInfo = Homepwner;
		};
/* End PBXContainerItemProxy section */

/* Begin PBXFileReference section */
		4641F5E81E799F46007D7DCF /* ItemCell.swift */ = {isa = PBXFileReference; fileEncoding = 4; lastKnownFileType = sourcecode.swift; path = ItemCell.swift; sourceTree = "<group>"; };
		473409221E8A1C780085690C /* DetailViewController.swift */ = {isa = PBXFileReference; fileEncoding = 4; lastKnownFileType = sourcecode.swift; path = DetailViewController.swift; sourceTree = "<group>"; };
		4751C0361E76A3FD007C9D57 /* Homepwner.app */ = {isa = PBXFileReference; explicitFileType = wrapper.application; includeInIndex = 0; path = Homepwner.app; sourceTree = BUILT_PRODUCTS_DIR; };
		4751C0391E76A3FD007C9D57 /* AppDelegate.swift */ = {isa = PBXFileReference; lastKnownFileType = sourcecode.swift; path = AppDelegate.swift; sourceTree = "<group>"; };
		4751C03E1E76A3FD007C9D57 /* Base */ = {isa = PBXFileReference; lastKnownFileType = file.storyboard; name = Base; path = Base.lproj/Main.storyboard; sourceTree = "<group>"; };
		4751C0401E76A3FD007C9D57 /* Assets.xcassets */ = {isa = PBXFileReference; lastKnownFileType = folder.assetcatalog; path = Assets.xcassets; sourceTree = "<group>"; };
		4751C0431E76A3FD007C9D57 /* Base */ = {isa = PBXFileReference; lastKnownFileType = file.storyboard; name = Base; path = Base.lproj/LaunchScreen.storyboard; sourceTree = "<group>"; };
		4751C0451E76A3FD007C9D57 /* Info.plist */ = {isa = PBXFileReference; lastKnownFileType = text.plist.xml; path = Info.plist; sourceTree = "<group>"; };
		4751C04A1E76A3FD007C9D57 /* HomepwnerTests.xctest */ = {isa = PBXFileReference; explicitFileType = wrapper.cfbundle; includeInIndex = 0; path = HomepwnerTests.xctest; sourceTree = BUILT_PRODUCTS_DIR; };
		4751C04E1E76A3FD007C9D57 /* HomepwnerTests.swift */ = {isa = PBXFileReference; lastKnownFileType = sourcecode.swift; path = HomepwnerTests.swift; sourceTree = "<group>"; };
		4751C0501E76A3FD007C9D57 /* Info.plist */ = {isa = PBXFileReference; lastKnownFileType = text.plist.xml; path = Info.plist; sourceTree = "<group>"; };
		4751C0551E76A3FD007C9D57 /* HomepwnerUITests.xctest */ = {isa = PBXFileReference; explicitFileType = wrapper.cfbundle; includeInIndex = 0; path = HomepwnerUITests.xctest; sourceTree = BUILT_PRODUCTS_DIR; };
		4751C0591E76A3FD007C9D57 /* HomepwnerUITests.swift */ = {isa = PBXFileReference; lastKnownFileType = sourcecode.swift; path = HomepwnerUITests.swift; sourceTree = "<group>"; };
		4751C05B1E76A3FD007C9D57 /* Info.plist */ = {isa = PBXFileReference; lastKnownFileType = text.plist.xml; path = Info.plist; sourceTree = "<group>"; };
		4751C0671E76A62B007C9D57 /* ItemsViewController.swift */ = {isa = PBXFileReference; fileEncoding = 4; lastKnownFileType = sourcecode.swift; path = ItemsViewController.swift; sourceTree = "<group>"; };
		4751C0691E76A93E007C9D57 /* Item.swift */ = {isa = PBXFileReference; fileEncoding = 4; lastKnownFileType = sourcecode.swift; path = Item.swift; sourceTree = "<group>"; };
		4751C06B1E76AF05007C9D57 /* ItemStore.swift */ = {isa = PBXFileReference; fileEncoding = 4; lastKnownFileType = sourcecode.swift; path = ItemStore.swift; sourceTree = "<group>"; };
/* End PBXFileReference section */

/* Begin PBXFrameworksBuildPhase section */
		4751C0331E76A3FD007C9D57 /* Frameworks */ = {
			isa = PBXFrameworksBuildPhase;
			buildActionMask = 2147483647;
			files = (
			);
			runOnlyForDeploymentPostprocessing = 0;
		};
		4751C0471E76A3FD007C9D57 /* Frameworks */ = {
			isa = PBXFrameworksBuildPhase;
			buildActionMask = 2147483647;
			files = (
			);
			runOnlyForDeploymentPostprocessing = 0;
		};
		4751C0521E76A3FD007C9D57 /* Frameworks */ = {
			isa = PBXFrameworksBuildPhase;
			buildActionMask = 2147483647;
			files = (
			);
			runOnlyForDeploymentPostprocessing = 0;
		};
/* End PBXFrameworksBuildPhase section */

/* Begin PBXGroup section */
		4751C02D1E76A3FD007C9D57 = {
			isa = PBXGroup;
			children = (
				4751C0381E76A3FD007C9D57 /* Homepwner */,
				4751C04D1E76A3FD007C9D57 /* HomepwnerTests */,
				4751C0581E76A3FD007C9D57 /* HomepwnerUITests */,
				4751C0371E76A3FD007C9D57 /* Products */,
			);
			sourceTree = "<group>";
		};
		4751C0371E76A3FD007C9D57 /* Products */ = {
			isa = PBXGroup;
			children = (
				4751C0361E76A3FD007C9D57 /* Homepwner.app */,
				4751C04A1E76A3FD007C9D57 /* HomepwnerTests.xctest */,
				4751C0551E76A3FD007C9D57 /* HomepwnerUITests.xctest */,
			);
			name = Products;
			sourceTree = "<group>";
		};
		4751C0381E76A3FD007C9D57 /* Homepwner */ = {
			isa = PBXGroup;
			children = (
				4751C0391E76A3FD007C9D57 /* AppDelegate.swift */,
				4751C0671E76A62B007C9D57 /* ItemsViewController.swift */,
				4751C03D1E76A3FD007C9D57 /* Main.storyboard */,
				473409221E8A1C780085690C /* DetailViewController.swift */,
				4641F5E81E799F46007D7DCF /* ItemCell.swift */,
				4751C0691E76A93E007C9D57 /* Item.swift */,
				4751C06B1E76AF05007C9D57 /* ItemStore.swift */,
				4751C0401E76A3FD007C9D57 /* Assets.xcassets */,
				4751C0421E76A3FD007C9D57 /* LaunchScreen.storyboard */,
				4751C0451E76A3FD007C9D57 /* Info.plist */,
			);
			path = Homepwner;
			sourceTree = "<group>";
		};
		4751C04D1E76A3FD007C9D57 /* HomepwnerTests */ = {
			isa = PBXGroup;
			children = (
				4751C04E1E76A3FD007C9D57 /* HomepwnerTests.swift */,
				4751C0501E76A3FD007C9D57 /* Info.plist */,
			);
			path = HomepwnerTests;
			sourceTree = "<group>";
		};
		4751C0581E76A3FD007C9D57 /* HomepwnerUITests */ = {
			isa = PBXGroup;
			children = (
				4751C0591E76A3FD007C9D57 /* HomepwnerUITests.swift */,
				4751C05B1E76A3FD007C9D57 /* Info.plist */,
			);
			path = HomepwnerUITests;
			sourceTree = "<group>";
		};
/* End PBXGroup section */

/* Begin PBXNativeTarget section */
		4751C0351E76A3FD007C9D57 /* Homepwner */ = {
			isa = PBXNativeTarget;
			buildConfigurationList = 4751C05E1E76A3FD007C9D57 /* Build configuration list for PBXNativeTarget "Homepwner" */;
			buildPhases = (
				4751C0321E76A3FD007C9D57 /* Sources */,
				4751C0331E76A3FD007C9D57 /* Frameworks */,
				4751C0341E76A3FD007C9D57 /* Resources */,
			);
			buildRules = (
			);
			dependencies = (
			);
			name = Homepwner;
			productName = Homepwner;
			productReference = 4751C0361E76A3FD007C9D57 /* Homepwner.app */;
			productType = "com.apple.product-type.application";
		};
		4751C0491E76A3FD007C9D57 /* HomepwnerTests */ = {
			isa = PBXNativeTarget;
			buildConfigurationList = 4751C0611E76A3FD007C9D57 /* Build configuration list for PBXNativeTarget "HomepwnerTests" */;
			buildPhases = (
				4751C0461E76A3FD007C9D57 /* Sources */,
				4751C0471E76A3FD007C9D57 /* Frameworks */,
				4751C0481E76A3FD007C9D57 /* Resources */,
			);
			buildRules = (
			);
			dependencies = (
				4751C04C1E76A3FD007C9D57 /* PBXTargetDependency */,
			);
			name = HomepwnerTests;
			productName = HomepwnerTests;
			productReference = 4751C04A1E76A3FD007C9D57 /* HomepwnerTests.xctest */;
			productType = "com.apple.product-type.bundle.unit-test";
		};
		4751C0541E76A3FD007C9D57 /* HomepwnerUITests */ = {
			isa = PBXNativeTarget;
			buildConfigurationList = 4751C0641E76A3FD007C9D57 /* Build configuration list for PBXNativeTarget "HomepwnerUITests" */;
			buildPhases = (
				4751C0511E76A3FD007C9D57 /* Sources */,
				4751C0521E76A3FD007C9D57 /* Frameworks */,
				4751C0531E76A3FD007C9D57 /* Resources */,
			);
			buildRules = (
			);
			dependencies = (
				4751C0571E76A3FD007C9D57 /* PBXTargetDependency */,
			);
			name = HomepwnerUITests;
			productName = HomepwnerUITests;
			productReference = 4751C0551E76A3FD007C9D57 /* HomepwnerUITests.xctest */;
			productType = "com.apple.product-type.bundle.ui-testing";
		};
/* End PBXNativeTarget section */

/* Begin PBXProject section */
		4751C02E1E76A3FD007C9D57 /* Project object */ = {
			isa = PBXProject;
			attributes = {
				LastSwiftUpdateCheck = 0820;
				LastUpgradeCheck = 0820;
				ORGANIZATIONNAME = "Sean Melnick Kelly";
				TargetAttributes = {
					4751C0351E76A3FD007C9D57 = {
						CreatedOnToolsVersion = 8.2.1;
						ProvisioningStyle = Automatic;
					};
					4751C0491E76A3FD007C9D57 = {
						CreatedOnToolsVersion = 8.2.1;
						ProvisioningStyle = Automatic;
						TestTargetID = 4751C0351E76A3FD007C9D57;
					};
					4751C0541E76A3FD007C9D57 = {
						CreatedOnToolsVersion = 8.2.1;
						ProvisioningStyle = Automatic;
						TestTargetID = 4751C0351E76A3FD007C9D57;
					};
				};
			};
			buildConfigurationList = 4751C0311E76A3FD007C9D57 /* Build configuration list for PBXProject "Homepwner" */;
			compatibilityVersion = "Xcode 3.2";
			developmentRegion = English;
			hasScannedForEncodings = 0;
			knownRegions = (
				en,
				Base,
			);
			mainGroup = 4751C02D1E76A3FD007C9D57;
			productRefGroup = 4751C0371E76A3FD007C9D57 /* Products */;
			projectDirPath = "";
			projectRoot = "";
			targets = (
				4751C0351E76A3FD007C9D57 /* Homepwner */,
				4751C0491E76A3FD007C9D57 /* HomepwnerTests */,
				4751C0541E76A3FD007C9D57 /* HomepwnerUITests */,
			);
		};
/* End PBXProject section */

/* Begin PBXResourcesBuildPhase section */
		4751C0341E76A3FD007C9D57 /* Resources */ = {
			isa = PBXResourcesBuildPhase;
			buildActionMask = 2147483647;
			files = (
				4751C0441E76A3FD007C9D57 /* LaunchScreen.storyboard in Resources */,
				4751C0411E76A3FD007C9D57 /* Assets.xcassets in Resources */,
				4751C03F1E76A3FD007C9D57 /* Main.storyboard in Resources */,
			);
			runOnlyForDeploymentPostprocessing = 0;
		};
		4751C0481E76A3FD007C9D57 /* Resources */ = {
			isa = PBXResourcesBuildPhase;
			buildActionMask = 2147483647;
			files = (
			);
			runOnlyForDeploymentPostprocessing = 0;
		};
		4751C0531E76A3FD007C9D57 /* Resources */ = {
			isa = PBXResourcesBuildPhase;
			buildActionMask = 2147483647;
			files = (
			);
			runOnlyForDeploymentPostprocessing = 0;
		};
/* End PBXResourcesBuildPhase section */

/* Begin PBXSourcesBuildPhase section */
		4751C0321E76A3FD007C9D57 /* Sources */ = {
			isa = PBXSourcesBuildPhase;
			buildActionMask = 2147483647;
			files = (
				4751C06A1E76A93E007C9D57 /* Item.swift in Sources */,
				4751C0681E76A62B007C9D57 /* ItemsViewController.swift in Sources */,
				4751C06C1E76AF05007C9D57 /* ItemStore.swift in Sources */,
				473409231E8A1C780085690C /* DetailViewController.swift in Sources */,
				4751C03A1E76A3FD007C9D57 /* AppDelegate.swift in Sources */,
				4641F5E91E799F46007D7DCF /* ItemCell.swift in Sources */,
			);
			runOnlyForDeploymentPostprocessing = 0;
		};
		4751C0461E76A3FD007C9D57 /* Sources */ = {
			isa = PBXSourcesBuildPhase;
			buildActionMask = 2147483647;
			files = (
				4751C04F1E76A3FD007C9D57 /* HomepwnerTests.swift in Sources */,
			);
			runOnlyForDeploymentPostprocessing = 0;
		};
		4751C0511E76A3FD007C9D57 /* Sources */ = {
			isa = PBXSourcesBuildPhase;
			buildActionMask = 2147483647;
			files = (
				4751C05A1E76A3FD007C9D57 /* HomepwnerUITests.swift in Sources */,
			);
			runOnlyForDeploymentPostprocessing = 0;
		};
/* End PBXSourcesBuildPhase section */

/* Begin PBXTargetDependency section */
		4751C04C1E76A3FD007C9D57 /* PBXTargetDependency */ = {
			isa = PBXTargetDependency;
			target = 4751C0351E76A3FD007C9D57 /* Homepwner */;
			targetProxy = 4751C04B1E76A3FD007C9D57 /* PBXContainerItemProxy */;
		};
		4751C0571E76A3FD007C9D57 /* PBXTargetDependency */ = {
			isa = PBXTargetDependency;
			target = 4751C0351E76A3FD007C9D57 /* Homepwner */;
			targetProxy = 4751C0561E76A3FD007C9D57 /* PBXContainerItemProxy */;
		};
/* End PBXTargetDependency section */

/* Begin PBXVariantGroup section */
		4751C03D1E76A3FD007C9D57 /* Main.storyboard */ = {
			isa = PBXVariantGroup;
			children = (
				4751C03E1E76A3FD007C9D57 /* Base */,
			);
			name = Main.storyboard;
			sourceTree = "<group>";
		};
		4751C0421E76A3FD007C9D57 /* LaunchScreen.storyboard */ = {
			isa = PBXVariantGroup;
			children = (
				4751C0431E76A3FD007C9D57 /* Base */,
			);
			name = LaunchScreen.storyboard;
			sourceTree = "<group>";
		};
/* End PBXVariantGroup section */

/* Begin XCBuildConfiguration section */
		4751C05C1E76A3FD007C9D57 /* Debug */ = {
			isa = XCBuildConfiguration;
			buildSettings = {
				ALWAYS_SEARCH_USER_PATHS = NO;
				CLANG_ANALYZER_NONNULL = YES;
				CLANG_CXX_LANGUAGE_STANDARD = "gnu++0x";
				CLANG_CXX_LIBRARY = "libc++";
				CLANG_ENABLE_MODULES = YES;
				CLANG_ENABLE_OBJC_ARC = YES;
				CLANG_WARN_BOOL_CONVERSION = YES;
				CLANG_WARN_CONSTANT_CONVERSION = YES;
				CLANG_WARN_DIRECT_OBJC_ISA_USAGE = YES_ERROR;
				CLANG_WARN_DOCUMENTATION_COMMENTS = YES;
				CLANG_WARN_EMPTY_BODY = YES;
				CLANG_WARN_ENUM_CONVERSION = YES;
				CLANG_WARN_INFINITE_RECURSION = YES;
				CLANG_WARN_INT_CONVERSION = YES;
				CLANG_WARN_OBJC_ROOT_CLASS = YES_ERROR;
				CLANG_WARN_SUSPICIOUS_MOVE = YES;
				CLANG_WARN_UNREACHABLE_CODE = YES;
				CLANG_WARN__DUPLICATE_METHOD_MATCH = YES;
				"CODE_SIGN_IDENTITY[sdk=iphoneos*]" = "iPhone Developer";
				COPY_PHASE_STRIP = NO;
				DEBUG_INFORMATION_FORMAT = dwarf;
				ENABLE_STRICT_OBJC_MSGSEND = YES;
				ENABLE_TESTABILITY = YES;
				GCC_C_LANGUAGE_STANDARD = gnu99;
				GCC_DYNAMIC_NO_PIC = NO;
				GCC_NO_COMMON_BLOCKS = YES;
				GCC_OPTIMIZATION_LEVEL = 0;
				GCC_PREPROCESSOR_DEFINITIONS = (
					"DEBUG=1",
					"$(inherited)",
				);
				GCC_WARN_64_TO_32_BIT_CONVERSION = YES;
				GCC_WARN_ABOUT_RETURN_TYPE = YES_ERROR;
				GCC_WARN_UNDECLARED_SELECTOR = YES;
				GCC_WARN_UNINITIALIZED_AUTOS = YES_AGGRESSIVE;
				GCC_WARN_UNUSED_FUNCTION = YES;
				GCC_WARN_UNUSED_VARIABLE = YES;
				IPHONEOS_DEPLOYMENT_TARGET = 10.2;
				MTL_ENABLE_DEBUG_INFO = YES;
				ONLY_ACTIVE_ARCH = YES;
				SDKROOT = iphoneos;
				SWIFT_ACTIVE_COMPILATION_CONDITIONS = DEBUG;
				SWIFT_OPTIMIZATION_LEVEL = "-Onone";
				TARGETED_DEVICE_FAMILY = "1,2";
			};
			name = Debug;
		};
		4751C05D1E76A3FD007C9D57 /* Release */ = {
			isa = XCBuildConfiguration;
			buildSettings = {
				ALWAYS_SEARCH_USER_PATHS = NO;
				CLANG_ANALYZER_NONNULL = YES;
				CLANG_CXX_LANGUAGE_STANDARD = "gnu++0x";
				CLANG_CXX_LIBRARY = "libc++";
				CLANG_ENABLE_MODULES = YES;
				CLANG_ENABLE_OBJC_ARC = YES;
				CLANG_WARN_BOOL_CONVERSION = YES;
				CLANG_WARN_CONSTANT_CONVERSION = YES;
				CLANG_WARN_DIRECT_OBJC_ISA_USAGE = YES_ERROR;
				CLANG_WARN_DOCUMENTATION_COMMENTS = YES;
				CLANG_WARN_EMPTY_BODY = YES;
				CLANG_WARN_ENUM_CONVERSION = YES;
				CLANG_WARN_INFINITE_RECURSION = YES;
				CLANG_WARN_INT_CONVERSION = YES;
				CLANG_WARN_OBJC_ROOT_CLASS = YES_ERROR;
				CLANG_WARN_SUSPICIOUS_MOVE = YES;
				CLANG_WARN_UNREACHABLE_CODE = YES;
				CLANG_WARN__DUPLICATE_METHOD_MATCH = YES;
				"CODE_SIGN_IDENTITY[sdk=iphoneos*]" = "iPhone Developer";
				COPY_PHASE_STRIP = NO;
				DEBUG_INFORMATION_FORMAT = "dwarf-with-dsym";
				ENABLE_NS_ASSERTIONS = NO;
				ENABLE_STRICT_OBJC_MSGSEND = YES;
				GCC_C_LANGUAGE_STANDARD = gnu99;
				GCC_NO_COMMON_BLOCKS = YES;
				GCC_WARN_64_TO_32_BIT_CONVERSION = YES;
				GCC_WARN_ABOUT_RETURN_TYPE = YES_ERROR;
				GCC_WARN_UNDECLARED_SELECTOR = YES;
				GCC_WARN_UNINITIALIZED_AUTOS = YES_AGGRESSIVE;
				GCC_WARN_UNUSED_FUNCTION = YES;
				GCC_WARN_UNUSED_VARIABLE = YES;
				IPHONEOS_DEPLOYMENT_TARGET = 10.2;
				MTL_ENABLE_DEBUG_INFO = NO;
				SDKROOT = iphoneos;
				SWIFT_OPTIMIZATION_LEVEL = "-Owholemodule";
				TARGETED_DEVICE_FAMILY = "1,2";
				VALIDATE_PRODUCT = YES;
			};
			name = Release;
		};
		4751C05F1E76A3FD007C9D57 /* Debug */ = {
			isa = XCBuildConfiguration;
			buildSettings = {
				ASSETCATALOG_COMPILER_APPICON_NAME = AppIcon;
				INFOPLIST_FILE = Homepwner/Info.plist;
				LD_RUNPATH_SEARCH_PATHS = "$(inherited) @executable_path/Frameworks";
				PRODUCT_BUNDLE_IDENTIFIER = com.seanmelnickkelly.Homepwner;
				PRODUCT_NAME = "$(TARGET_NAME)";
				SWIFT_VERSION = 3.0;
			};
			name = Debug;
		};
		4751C0601E76A3FD007C9D57 /* Release */ = {
			isa = XCBuildConfiguration;
			buildSettings = {
				ASSETCATALOG_COMPILER_APPICON_NAME = AppIcon;
				INFOPLIST_FILE = Homepwner/Info.plist;
				LD_RUNPATH_SEARCH_PATHS = "$(inherited) @executable_path/Frameworks";
				PRODUCT_BUNDLE_IDENTIFIER = com.seanmelnickkelly.Homepwner;
				PRODUCT_NAME = "$(TARGET_NAME)";
				SWIFT_VERSION = 3.0;
			};
			name = Release;
		};
		4751C0621E76A3FD007C9D57 /* Debug */ = {
			isa = XCBuildConfiguration;
			buildSettings = {
				ALWAYS_EMBED_SWIFT_STANDARD_LIBRARIES = YES;
				BUNDLE_LOADER = "$(TEST_HOST)";
				INFOPLIST_FILE = HomepwnerTests/Info.plist;
				LD_RUNPATH_SEARCH_PATHS = "$(inherited) @executable_path/Frameworks @loader_path/Frameworks";
				PRODUCT_BUNDLE_IDENTIFIER = com.seanmelnickkelly.HomepwnerTests;
				PRODUCT_NAME = "$(TARGET_NAME)";
				SWIFT_VERSION = 3.0;
				TEST_HOST = "$(BUILT_PRODUCTS_DIR)/Homepwner.app/Homepwner";
			};
			name = Debug;
		};
		4751C0631E76A3FD007C9D57 /* Release */ = {
			isa = XCBuildConfiguration;
			buildSettings = {
				ALWAYS_EMBED_SWIFT_STANDARD_LIBRARIES = YES;
				BUNDLE_LOADER = "$(TEST_HOST)";
				INFOPLIST_FILE = HomepwnerTests/Info.plist;
				LD_RUNPATH_SEARCH_PATHS = "$(inherited) @executable_path/Frameworks @loader_path/Frameworks";
				PRODUCT_BUNDLE_IDENTIFIER = com.seanmelnickkelly.HomepwnerTests;
				PRODUCT_NAME = "$(TARGET_NAME)";
				SWIFT_VERSION = 3.0;
				TEST_HOST = "$(BUILT_PRODUCTS_DIR)/Homepwner.app/Homepwner";
			};
			name = Release;
		};
		4751C0651E76A3FD007C9D57 /* Debug */ = {
			isa = XCBuildConfiguration;
			buildSettings = {
				ALWAYS_EMBED_SWIFT_STANDARD_LIBRARIES = YES;
				INFOPLIST_FILE = HomepwnerUITests/Info.plist;
				LD_RUNPATH_SEARCH_PATHS = "$(inherited) @executable_path/Frameworks @loader_path/Frameworks";
				PRODUCT_BUNDLE_IDENTIFIER = com.seanmelnickkelly.HomepwnerUITests;
				PRODUCT_NAME = "$(TARGET_NAME)";
				SWIFT_VERSION = 3.0;
				TEST_TARGET_NAME = Homepwner;
			};
			name = Debug;
		};
		4751C0661E76A3FD007C9D57 /* Release */ = {
			isa = XCBuildConfiguration;
			buildSettings = {
				ALWAYS_EMBED_SWIFT_STANDARD_LIBRARIES = YES;
				INFOPLIST_FILE = HomepwnerUITests/Info.plist;
				LD_RUNPATH_SEARCH_PATHS = "$(inherited) @executable_path/Frameworks @loader_path/Frameworks";
				PRODUCT_BUNDLE_IDENTIFIER = com.seanmelnickkelly.HomepwnerUITests;
				PRODUCT_NAME = "$(TARGET_NAME)";
				SWIFT_VERSION = 3.0;
				TEST_TARGET_NAME = Homepwner;
			};
			name = Release;
		};
/* End XCBuildConfiguration section */

/* Begin XCConfigurationList section */
		4751C0311E76A3FD007C9D57 /* Build configuration list for PBXProject "Homepwner" */ = {
			isa = XCConfigurationList;
			buildConfigurations = (
				4751C05C1E76A3FD007C9D57 /* Debug */,
				4751C05D1E76A3FD007C9D57 /* Release */,
			);
			defaultConfigurationIsVisible = 0;
			defaultConfigurationName = Release;
		};
		4751C05E1E76A3FD007C9D57 /* Build configuration list for PBXNativeTarget "Homepwner" */ = {
			isa = XCConfigurationList;
			buildConfigurations = (
				4751C05F1E76A3FD007C9D57 /* Debug */,
				4751C0601E76A3FD007C9D57 /* Release */,
			);
			defaultConfigurationIsVisible = 0;
			defaultConfigurationName = Release;
		};
		4751C0611E76A3FD007C9D57 /* Build configuration list for PBXNativeTarget "HomepwnerTests" */ = {
			isa = XCConfigurationList;
			buildConfigurations = (
				4751C0621E76A3FD007C9D57 /* Debug */,
				4751C0631E76A3FD007C9D57 /* Release */,
			);
			defaultConfigurationIsVisible = 0;
			defaultConfigurationName = Release;
		};
		4751C0641E76A3FD007C9D57 /* Build configuration list for PBXNativeTarget "HomepwnerUITests" */ = {
			isa = XCConfigurationList;
			buildConfigurations = (
				4751C0651E76A3FD007C9D57 /* Debug */,
				4751C0661E76A3FD007C9D57 /* Release */,
			);
			defaultConfigurationIsVisible = 0;
			defaultConfigurationName = Release;
		};
/* End XCConfigurationList section */
	};
	rootObject = 4751C02E1E76A3FD007C9D57 /* Project object */;
}
